# ddr4_sodimm.qsf
# Copyright (C) 2021 CESNET z. s. p. o.
# Author(s): Jakub Cabal <cabal@cesnet.cz>
#
# SPDX-License-Identifier: BSD-3-Clause

# ==============================================================================
# Pin Locations
# ==============================================================================

set_location_assignment PIN_BF19 -to CLK_133M_DIMM_1_P
####set_location_assignment PIN_BG19 -to CLK_133M_DIMM_1_N
set_location_assignment PIN_BH21 -to DDR4_DIMM_CH0_RZQ

set_location_assignment PIN_N33 -to DDR4_DIMM_CH0_EVENT_N
set_location_assignment PIN_M33 -to DDR4_DIMM_CH0_SAVE_N

set_location_assignment PIN_BG20 -to DDR4_DIMM_CH0_A[13]
set_location_assignment PIN_BL20 -to DDR4_DIMM_CH0_A[6]
set_location_assignment PIN_BA22 -to DDR4_DIMM_CH0_CK_N[1]
set_location_assignment PIN_BB22 -to DDR4_DIMM_CH0_CK_P[1]
set_location_assignment PIN_BC20 -to DDR4_DIMM_CH0_ALERT_N
set_location_assignment PIN_BD19 -to DDR4_DIMM_CH0_CS_N[2]
set_location_assignment PIN_BD20 -to DDR4_DIMM_CH0_CS_N[3]
set_location_assignment PIN_BD21 -to DDR4_DIMM_CH0_C2
set_location_assignment PIN_BE21 -to DDR4_DIMM_CH0_BG[0]
set_location_assignment PIN_BF20 -to DDR4_DIMM_CH0_A[14]
set_location_assignment PIN_BF21 -to DDR4_DIMM_CH0_BA[1]
set_location_assignment PIN_BF22 -to DDR4_DIMM_CH0_A[16]
set_location_assignment PIN_BG18 -to DDR4_DIMM_CH0_BA[0]
set_location_assignment PIN_BG22 -to DDR4_DIMM_CH0_A[15]
set_location_assignment PIN_BH18 -to DDR4_DIMM_CH0_A[17]
set_location_assignment PIN_BH20 -to DDR4_DIMM_CH0_A[4]
set_location_assignment PIN_BH22 -to DDR4_DIMM_CH0_A[12]
set_location_assignment PIN_BJ18 -to DDR4_DIMM_CH0_A[8]
set_location_assignment PIN_BJ19 -to DDR4_DIMM_CH0_A[0]
set_location_assignment PIN_BJ20 -to DDR4_DIMM_CH0_A[5]
set_location_assignment PIN_BJ21 -to DDR4_DIMM_CH0_A[11]
set_location_assignment PIN_BK18 -to DDR4_DIMM_CH0_A[9]
set_location_assignment PIN_BK19 -to DDR4_DIMM_CH0_A[1]
set_location_assignment PIN_BK21 -to DDR4_DIMM_CH0_A[10]
set_location_assignment PIN_BK22 -to DDR4_DIMM_CH0_A[3]
set_location_assignment PIN_BL19 -to DDR4_DIMM_CH0_A[7]
set_location_assignment PIN_BL21 -to DDR4_DIMM_CH0_PAR
set_location_assignment PIN_BL22 -to DDR4_DIMM_CH0_A[2]
set_location_assignment PIN_BM18 -to DDR4_DIMM_CH0_CK_P[0]
set_location_assignment PIN_BM19 -to DDR4_DIMM_CH0_CK_N[0]
set_location_assignment PIN_BM20 -to DDR4_DIMM_CH0_ODT[1]
set_location_assignment PIN_BM22 -to DDR4_DIMM_CH0_CS_N[1]
set_location_assignment PIN_BN18 -to DDR4_DIMM_CH0_CKE[1]
set_location_assignment PIN_BN20 -to DDR4_DIMM_CH0_ODT[0]
set_location_assignment PIN_BN21 -to DDR4_DIMM_CH0_ACT_N
set_location_assignment PIN_BP18 -to DDR4_DIMM_CH0_CKE[0]
set_location_assignment PIN_BP19 -to DDR4_DIMM_CH0_RESET_N
set_location_assignment PIN_BP20 -to DDR4_DIMM_CH0_BG[1]
set_location_assignment PIN_BP21 -to DDR4_DIMM_CH0_CS_N[0]
set_location_assignment PIN_BG25 -to DDR4_DIMM_CH0_DQ[6]
set_location_assignment PIN_BK24 -to DDR4_DIMM_CH0_DQS_P[2]
set_location_assignment PIN_AW24 -to DDR4_DIMM_CH0_DQ[59]
set_location_assignment PIN_AY24 -to DDR4_DIMM_CH0_DQ[58]
set_location_assignment PIN_BA24 -to DDR4_DIMM_CH0_DQS_N[7]
set_location_assignment PIN_BB23 -to DDR4_DIMM_CH0_DQ[62]
set_location_assignment PIN_BB24 -to DDR4_DIMM_CH0_DQS_P[7]
set_location_assignment PIN_BB25 -to DDR4_DIMM_CH0_DQS_N[16]
set_location_assignment PIN_BC23 -to DDR4_DIMM_CH0_DQ[63]
set_location_assignment PIN_BC25 -to DDR4_DIMM_CH0_DQS_P[16]
set_location_assignment PIN_BD23 -to DDR4_DIMM_CH0_DQ[61]
set_location_assignment PIN_BD25 -to DDR4_DIMM_CH0_DQ[56]
set_location_assignment PIN_BD26 -to DDR4_DIMM_CH0_DQ[57]
set_location_assignment PIN_BE23 -to DDR4_DIMM_CH0_DQ[60]
set_location_assignment PIN_BE24 -to DDR4_DIMM_CH0_DQ[1]
set_location_assignment PIN_BE26 -to DDR4_DIMM_CH0_DQS_N[0]
set_location_assignment PIN_BE27 -to DDR4_DIMM_CH0_DQS_P[9]
set_location_assignment PIN_BF24 -to DDR4_DIMM_CH0_DQ[0]
set_location_assignment PIN_BF25 -to DDR4_DIMM_CH0_DQ[4]
set_location_assignment PIN_BF26 -to DDR4_DIMM_CH0_DQS_P[0]
set_location_assignment PIN_BF27 -to DDR4_DIMM_CH0_DQS_N[9]
set_location_assignment PIN_BG23 -to DDR4_DIMM_CH0_DQ[18]
set_location_assignment PIN_BG24 -to DDR4_DIMM_CH0_DQ[7]
set_location_assignment PIN_BG27 -to DDR4_DIMM_CH0_DQ[3]
set_location_assignment PIN_BH23 -to DDR4_DIMM_CH0_DQ[16]
set_location_assignment PIN_BH25 -to DDR4_DIMM_CH0_DQ[5]
set_location_assignment PIN_BH26 -to DDR4_DIMM_CH0_DQS_N[11]
set_location_assignment PIN_BH27 -to DDR4_DIMM_CH0_DQ[2]
set_location_assignment PIN_BJ23 -to DDR4_DIMM_CH0_DQ[22]
set_location_assignment PIN_BJ24 -to DDR4_DIMM_CH0_DQ[17]
set_location_assignment PIN_BJ25 -to DDR4_DIMM_CH0_DQ[19]
set_location_assignment PIN_BJ26 -to DDR4_DIMM_CH0_DQS_P[11]
set_location_assignment PIN_BK23 -to DDR4_DIMM_CH0_DQ[23]
set_location_assignment PIN_BK26 -to DDR4_DIMM_CH0_DQ[21]
set_location_assignment PIN_BL24 -to DDR4_DIMM_CH0_DQS_N[2]
set_location_assignment PIN_BL25 -to DDR4_DIMM_CH0_DQ[8]
set_location_assignment PIN_BL26 -to DDR4_DIMM_CH0_DQ[20]
set_location_assignment PIN_BM23 -to DDR4_DIMM_CH0_DQ[10]
set_location_assignment PIN_BM24 -to DDR4_DIMM_CH0_DQ[11]
set_location_assignment PIN_BM25 -to DDR4_DIMM_CH0_DQ[9]
set_location_assignment PIN_BN22 -to DDR4_DIMM_CH0_DQ[14]
set_location_assignment PIN_BN23 -to DDR4_DIMM_CH0_DQ[15]
set_location_assignment PIN_BN25 -to DDR4_DIMM_CH0_DQS_P[1]
set_location_assignment PIN_BN26 -to DDR4_DIMM_CH0_DQS_P[10]
set_location_assignment PIN_BP23 -to DDR4_DIMM_CH0_DQ[13]
set_location_assignment PIN_BP24 -to DDR4_DIMM_CH0_DQ[12]
set_location_assignment PIN_BP25 -to DDR4_DIMM_CH0_DQS_N[1]
set_location_assignment PIN_BP26 -to DDR4_DIMM_CH0_DQS_N[10]
set_location_assignment PIN_BD13 -to DDR4_DIMM_CH0_DQ[46]
set_location_assignment PIN_BD14 -to DDR4_DIMM_CH0_DQ[45]
set_location_assignment PIN_BE11 -to DDR4_DIMM_CH0_DQ[43]
set_location_assignment PIN_BE12 -to DDR4_DIMM_CH0_DQS_N[5]
set_location_assignment PIN_BE13 -to DDR4_DIMM_CH0_DQ[44]
set_location_assignment PIN_BE14 -to DDR4_DIMM_CH0_DQ[47]
set_location_assignment PIN_BF10 -to DDR4_DIMM_CH0_DQS_P[14]
set_location_assignment PIN_BF11 -to DDR4_DIMM_CH0_DQ[41]
set_location_assignment PIN_BF12 -to DDR4_DIMM_CH0_DQS_P[5]
set_location_assignment PIN_BG10 -to DDR4_DIMM_CH0_DQS_N[14]
set_location_assignment PIN_BG12 -to DDR4_DIMM_CH0_DQ[40]
set_location_assignment PIN_BG13 -to DDR4_DIMM_CH0_DQ[42]
set_location_assignment PIN_BH15 -to DDR4_DIMM_CH0_DQS_P[4]
set_location_assignment PIN_BK17 -to DDR4_DIMM_CH0_DQ[69]
set_location_assignment PIN_BC16 -to DDR4_DIMM_CH0_DQ[48]
set_location_assignment PIN_BC17 -to DDR4_DIMM_CH0_DQS_P[15]
set_location_assignment PIN_BC18 -to DDR4_DIMM_CH0_DQS_N[15]
set_location_assignment PIN_BD15 -to DDR4_DIMM_CH0_DQ[49]
set_location_assignment PIN_BD16 -to DDR4_DIMM_CH0_DQS_N[6]
set_location_assignment PIN_BD18 -to DDR4_DIMM_CH0_DQ[55]
set_location_assignment PIN_BE16 -to DDR4_DIMM_CH0_DQS_P[6]
set_location_assignment PIN_BE17 -to DDR4_DIMM_CH0_DQ[54]
set_location_assignment PIN_BF14 -to DDR4_DIMM_CH0_DQ[38]
set_location_assignment PIN_BF15 -to DDR4_DIMM_CH0_DQ[53]
set_location_assignment PIN_BF16 -to DDR4_DIMM_CH0_DQ[52]
set_location_assignment PIN_BF17 -to DDR4_DIMM_CH0_DQ[50]
set_location_assignment PIN_BG14 -to DDR4_DIMM_CH0_DQ[36]
set_location_assignment PIN_BG15 -to DDR4_DIMM_CH0_DQS_N[4]
set_location_assignment PIN_BG17 -to DDR4_DIMM_CH0_DQ[51]
set_location_assignment PIN_BH12 -to DDR4_DIMM_CH0_DQS_N[13]
set_location_assignment PIN_BH13 -to DDR4_DIMM_CH0_DQS_P[13]
set_location_assignment PIN_BH16 -to DDR4_DIMM_CH0_DQ[37]
set_location_assignment PIN_BH17 -to DDR4_DIMM_CH0_DQ[39]
set_location_assignment PIN_BJ13 -to DDR4_DIMM_CH0_DQ[35]
set_location_assignment PIN_BJ14 -to DDR4_DIMM_CH0_DQ[32]
set_location_assignment PIN_BJ15 -to DDR4_DIMM_CH0_DQ[33]
set_location_assignment PIN_BJ16 -to DDR4_DIMM_CH0_DQ[34]
set_location_assignment PIN_BK12 -to DDR4_DIMM_CH0_DQS_P[17]
set_location_assignment PIN_BK13 -to DDR4_DIMM_CH0_DQS_N[17]
set_location_assignment PIN_BK14 -to DDR4_DIMM_CH0_DQS_P[8]
set_location_assignment PIN_BK16 -to DDR4_DIMM_CH0_DQ[71]
set_location_assignment PIN_BL12 -to DDR4_DIMM_CH0_DQ[67]
set_location_assignment PIN_BL14 -to DDR4_DIMM_CH0_DQS_N[8]
set_location_assignment PIN_BL15 -to DDR4_DIMM_CH0_DQ[68]
set_location_assignment PIN_BL16 -to DDR4_DIMM_CH0_DQ[70]
set_location_assignment PIN_BL17 -to DDR4_DIMM_CH0_DQ[66]
set_location_assignment PIN_BM12 -to DDR4_DIMM_CH0_DQ[64]
set_location_assignment PIN_BM13 -to DDR4_DIMM_CH0_DQS_N[12]
set_location_assignment PIN_BM14 -to DDR4_DIMM_CH0_DQS_P[12]
set_location_assignment PIN_BM15 -to DDR4_DIMM_CH0_DQS_P[3]
set_location_assignment PIN_BM17 -to DDR4_DIMM_CH0_DQ[65]
set_location_assignment PIN_BN12 -to DDR4_DIMM_CH0_DQ[31]
set_location_assignment PIN_BN13 -to DDR4_DIMM_CH0_DQ[30]
set_location_assignment PIN_BN15 -to DDR4_DIMM_CH0_DQS_N[3]
set_location_assignment PIN_BN16 -to DDR4_DIMM_CH0_DQ[29]
set_location_assignment PIN_BN17 -to DDR4_DIMM_CH0_DQ[28]
set_location_assignment PIN_BP13 -to DDR4_DIMM_CH0_DQ[26]
set_location_assignment PIN_BP14 -to DDR4_DIMM_CH0_DQ[27]
set_location_assignment PIN_BP15 -to DDR4_DIMM_CH0_DQ[24]
set_location_assignment PIN_BP16 -to DDR4_DIMM_CH0_DQ[25]

set_location_assignment PIN_BH37 -to CLK_133M_DIMM_0_P
####set_location_assignment PIN_BJ36 -to CLK_133M_DIMM_0_N
set_location_assignment PIN_BF35 -to DDR4_DIMM_CH1_RZQ

set_location_assignment PIN_P34 -to DDR4_DIMM_CH1_EVENT_N
set_location_assignment PIN_R34 -to DDR4_DIMM_CH1_SAVE_N

set_location_assignment PIN_N35 -to I2C_DDR4_DIMM_SDA
set_location_assignment PIN_P35 -to I2C_DDR4_DIMM_SCL

set_location_assignment PIN_BF34 -to DDR4_DIMM_CH1_A[13]
set_location_assignment PIN_BJ33 -to DDR4_DIMM_CH1_A[6]
set_location_assignment PIN_BA32 -to DDR4_DIMM_CH1_ALERT_N
set_location_assignment PIN_BB32 -to DDR4_DIMM_CH1_CK_P[1]
set_location_assignment PIN_BB34 -to DDR4_DIMM_CH1_C2
set_location_assignment PIN_BC32 -to DDR4_DIMM_CH1_CK_N[1]
set_location_assignment PIN_BD34 -to DDR4_DIMM_CH1_CS_N[2]
set_location_assignment PIN_BE34 -to DDR4_DIMM_CH1_CS_N[3]
set_location_assignment PIN_BG33 -to DDR4_DIMM_CH1_BG[0]
set_location_assignment PIN_BG34 -to DDR4_DIMM_CH1_A[14]
set_location_assignment PIN_BG35 -to DDR4_DIMM_CH1_A[12]
set_location_assignment PIN_BH33 -to DDR4_DIMM_CH1_BA[1]
set_location_assignment PIN_BH35 -to DDR4_DIMM_CH1_A[17]
set_location_assignment PIN_BH36 -to DDR4_DIMM_CH1_BA[0]
set_location_assignment PIN_BJ34 -to DDR4_DIMM_CH1_A[15]
set_location_assignment PIN_BJ35 -to DDR4_DIMM_CH1_A[16]
set_location_assignment PIN_BJ38 -to DDR4_DIMM_CH1_A[1]
set_location_assignment PIN_BK33 -to DDR4_DIMM_CH1_A[7]
set_location_assignment PIN_BK34 -to DDR4_DIMM_CH1_A[3]
set_location_assignment PIN_BK36 -to DDR4_DIMM_CH1_A[4]
set_location_assignment PIN_BK37 -to DDR4_DIMM_CH1_A[8]
set_location_assignment PIN_BK38 -to DDR4_DIMM_CH1_A[0]
set_location_assignment PIN_BL34 -to DDR4_DIMM_CH1_A[10]
set_location_assignment PIN_BL35 -to DDR4_DIMM_CH1_A[2]
set_location_assignment PIN_BL36 -to DDR4_DIMM_CH1_A[5]
set_location_assignment PIN_BL37 -to DDR4_DIMM_CH1_A[9]
set_location_assignment PIN_BM34 -to DDR4_DIMM_CH1_A[11]
set_location_assignment PIN_BM35 -to DDR4_DIMM_CH1_PAR
set_location_assignment PIN_BM37 -to DDR4_DIMM_CH1_CK_N[0]
set_location_assignment PIN_BM38 -to DDR4_DIMM_CH1_ACT_N
set_location_assignment PIN_BN35 -to DDR4_DIMM_CH1_CS_N[1]
set_location_assignment PIN_BN36 -to DDR4_DIMM_CH1_ODT[1]
set_location_assignment PIN_BN37 -to DDR4_DIMM_CH1_CK_P[0]
set_location_assignment PIN_BN38 -to DDR4_DIMM_CH1_CS_N[0]
set_location_assignment PIN_BP34 -to DDR4_DIMM_CH1_CKE[1]
set_location_assignment PIN_BP35 -to DDR4_DIMM_CH1_CKE[0]
set_location_assignment PIN_BP36 -to DDR4_DIMM_CH1_ODT[0]
set_location_assignment PIN_BP38 -to DDR4_DIMM_CH1_RESET_N
set_location_assignment PIN_BP39 -to DDR4_DIMM_CH1_BG[1]
set_location_assignment PIN_BH43 -to DDR4_DIMM_CH1_DQ[46]
set_location_assignment PIN_BH45 -to DDR4_DIMM_CH1_DQS_P[3]
set_location_assignment PIN_BE42 -to DDR4_DIMM_CH1_DQS_P[10]
set_location_assignment PIN_BE43 -to DDR4_DIMM_CH1_DQS_N[10]
set_location_assignment PIN_BF41 -to DDR4_DIMM_CH1_DQ[42]
set_location_assignment PIN_BF42 -to DDR4_DIMM_CH1_DQ[43]
set_location_assignment PIN_BF44 -to DDR4_DIMM_CH1_DQS_N[1]
set_location_assignment PIN_BF45 -to DDR4_DIMM_CH1_DQ[26]
set_location_assignment PIN_BG43 -to DDR4_DIMM_CH1_DQ[47]
set_location_assignment PIN_BG44 -to DDR4_DIMM_CH1_DQS_P[1]
set_location_assignment PIN_BG45 -to DDR4_DIMM_CH1_DQ[24]
set_location_assignment PIN_BJ43 -to DDR4_DIMM_CH1_DQ[45]
set_location_assignment PIN_BJ44 -to DDR4_DIMM_CH1_DQ[9]
set_location_assignment PIN_BJ45 -to DDR4_DIMM_CH1_DQS_N[3]
set_location_assignment PIN_BK43 -to DDR4_DIMM_CH1_DQ[44]
set_location_assignment PIN_BK44 -to DDR4_DIMM_CH1_DQ[8]
set_location_assignment PIN_BK54 -to DDR4_DIMM_CH1_DQ[22]
set_location_assignment PIN_BL44 -to DDR4_DIMM_CH1_DQ[13]
set_location_assignment PIN_BL45 -to DDR4_DIMM_CH1_DQ[27]
set_location_assignment PIN_BL46 -to DDR4_DIMM_CH1_DQ[16]
set_location_assignment PIN_BL47 -to DDR4_DIMM_CH1_DQ[17]
set_location_assignment PIN_BL49 -to DDR4_DIMM_CH1_DQS_N[12]
set_location_assignment PIN_BL50 -to DDR4_DIMM_CH1_DQS_N[2]
set_location_assignment PIN_BL51 -to DDR4_DIMM_CH1_DQS_P[11]
set_location_assignment PIN_BL52 -to DDR4_DIMM_CH1_DQS_N[11]
set_location_assignment PIN_BL54 -to DDR4_DIMM_CH1_DQ[20]
set_location_assignment PIN_BM44 -to DDR4_DIMM_CH1_DQ[12]
set_location_assignment PIN_BM45 -to DDR4_DIMM_CH1_DQ[25]
set_location_assignment PIN_BM47 -to DDR4_DIMM_CH1_DQS_P[5]
set_location_assignment PIN_BM48 -to DDR4_DIMM_CH1_DQ[30]
set_location_assignment PIN_BM49 -to DDR4_DIMM_CH1_DQS_P[12]
set_location_assignment PIN_BM50 -to DDR4_DIMM_CH1_DQS_P[2]
set_location_assignment PIN_BM52 -to DDR4_DIMM_CH1_DQ[19]
set_location_assignment PIN_BM53 -to DDR4_DIMM_CH1_DQ[23]
set_location_assignment PIN_BN45 -to DDR4_DIMM_CH1_DQ[11]
set_location_assignment PIN_BN46 -to DDR4_DIMM_CH1_DQ[14]
set_location_assignment PIN_BN47 -to DDR4_DIMM_CH1_DQS_N[5]
set_location_assignment PIN_BN48 -to DDR4_DIMM_CH1_DQ[31]
set_location_assignment PIN_BN50 -to DDR4_DIMM_CH1_DQS_P[14]
set_location_assignment PIN_BN51 -to DDR4_DIMM_CH1_DQ[29]
set_location_assignment PIN_BN52 -to DDR4_DIMM_CH1_DQ[18]
set_location_assignment PIN_BN53 -to DDR4_DIMM_CH1_DQ[21]
set_location_assignment PIN_BP45 -to DDR4_DIMM_CH1_DQ[10]
set_location_assignment PIN_BP46 -to DDR4_DIMM_CH1_DQ[15]
set_location_assignment PIN_BP48 -to DDR4_DIMM_CH1_DQ[40]
set_location_assignment PIN_BP49 -to DDR4_DIMM_CH1_DQ[41]
set_location_assignment PIN_BP50 -to DDR4_DIMM_CH1_DQS_N[14]
set_location_assignment PIN_BP51 -to DDR4_DIMM_CH1_DQ[28]
set_location_assignment PIN_BG38 -to DDR4_DIMM_CH1_DQS_P[6]
set_location_assignment PIN_BL41 -to DDR4_DIMM_CH1_DQ[6]
set_location_assignment PIN_AW34 -to DDR4_DIMM_CH1_DQ[62]
set_location_assignment PIN_AW35 -to DDR4_DIMM_CH1_DQ[60]
set_location_assignment PIN_AW36 -to DDR4_DIMM_CH1_DQ[61]
set_location_assignment PIN_AY34 -to DDR4_DIMM_CH1_DQ[63]
set_location_assignment PIN_AY36 -to DDR4_DIMM_CH1_DQ[56]
set_location_assignment PIN_BA35 -to DDR4_DIMM_CH1_DQS_P[16]
set_location_assignment PIN_BA36 -to DDR4_DIMM_CH1_DQ[58]
set_location_assignment PIN_BB35 -to DDR4_DIMM_CH1_DQS_N[16]
set_location_assignment PIN_BC35 -to DDR4_DIMM_CH1_DQ[59]
set_location_assignment PIN_BC36 -to DDR4_DIMM_CH1_DQ[57]
set_location_assignment PIN_BD36 -to DDR4_DIMM_CH1_DQS_P[7]
set_location_assignment PIN_BE36 -to DDR4_DIMM_CH1_DQS_N[7]
set_location_assignment PIN_BE37 -to DDR4_DIMM_CH1_DQS_N[15]
set_location_assignment PIN_BF36 -to DDR4_DIMM_CH1_DQ[51]
set_location_assignment PIN_BF37 -to DDR4_DIMM_CH1_DQS_P[15]
set_location_assignment PIN_BF39 -to DDR4_DIMM_CH1_DQ[49]
set_location_assignment PIN_BF40 -to DDR4_DIMM_CH1_DQ[48]
set_location_assignment PIN_BG37 -to DDR4_DIMM_CH1_DQ[50]
set_location_assignment PIN_BG39 -to DDR4_DIMM_CH1_DQ[55]
set_location_assignment PIN_BG40 -to DDR4_DIMM_CH1_DQ[54]
set_location_assignment PIN_BG42 -to DDR4_DIMM_CH1_DQ[52]
set_location_assignment PIN_BH38 -to DDR4_DIMM_CH1_DQS_N[6]
set_location_assignment PIN_BH40 -to DDR4_DIMM_CH1_DQS_P[0]
set_location_assignment PIN_BH41 -to DDR4_DIMM_CH1_DQ[4]
set_location_assignment PIN_BH42 -to DDR4_DIMM_CH1_DQ[53]
set_location_assignment PIN_BJ39 -to DDR4_DIMM_CH1_DQ[0]
set_location_assignment PIN_BJ40 -to DDR4_DIMM_CH1_DQS_N[0]
set_location_assignment PIN_BJ41 -to DDR4_DIMM_CH1_DQ[5]
set_location_assignment PIN_BK39 -to DDR4_DIMM_CH1_DQ[1]
set_location_assignment PIN_BK41 -to DDR4_DIMM_CH1_DQ[7]
set_location_assignment PIN_BK42 -to DDR4_DIMM_CH1_DQ[3]
set_location_assignment PIN_BL39 -to DDR4_DIMM_CH1_DQS_P[9]
set_location_assignment PIN_BL40 -to DDR4_DIMM_CH1_DQS_N[13]
set_location_assignment PIN_BL42 -to DDR4_DIMM_CH1_DQ[2]
set_location_assignment PIN_BM39 -to DDR4_DIMM_CH1_DQS_N[9]
set_location_assignment PIN_BM40 -to DDR4_DIMM_CH1_DQS_P[13]
set_location_assignment PIN_BM42 -to DDR4_DIMM_CH1_DQ[36]
set_location_assignment PIN_BM43 -to DDR4_DIMM_CH1_DQ[35]
set_location_assignment PIN_BN40 -to DDR4_DIMM_CH1_DQ[33]
set_location_assignment PIN_BN41 -to DDR4_DIMM_CH1_DQS_N[4]
set_location_assignment PIN_BN42 -to DDR4_DIMM_CH1_DQ[37]
set_location_assignment PIN_BN43 -to DDR4_DIMM_CH1_DQ[34]
set_location_assignment PIN_BP40 -to DDR4_DIMM_CH1_DQ[32]
set_location_assignment PIN_BP41 -to DDR4_DIMM_CH1_DQS_P[4]
set_location_assignment PIN_BP43 -to DDR4_DIMM_CH1_DQ[39]
set_location_assignment PIN_BP44 -to DDR4_DIMM_CH1_DQ[38]
set_location_assignment PIN_AY29 -to DDR4_DIMM_CH1_DQ[66]
set_location_assignment PIN_BA29 -to DDR4_DIMM_CH1_DQ[64]
set_location_assignment PIN_BB30 -to DDR4_DIMM_CH1_DQ[70]
set_location_assignment PIN_BC30 -to DDR4_DIMM_CH1_DQ[69]
set_location_assignment PIN_BC31 -to DDR4_DIMM_CH1_DQ[71]
set_location_assignment PIN_BD30 -to DDR4_DIMM_CH1_DQS_P[17]
set_location_assignment PIN_BD31 -to DDR4_DIMM_CH1_DQS_N[17]
set_location_assignment PIN_BE31 -to DDR4_DIMM_CH1_DQ[65]
set_location_assignment PIN_BF31 -to DDR4_DIMM_CH1_DQ[67]
set_location_assignment PIN_BF32 -to DDR4_DIMM_CH1_DQS_N[8]
set_location_assignment PIN_BG32 -to DDR4_DIMM_CH1_DQS_P[8]
set_location_assignment PIN_BA30 -to DDR4_DIMM_CH1_DQ[68] 

# ==============================================================================
# Pin IO Standards & Input Termination 
# ==============================================================================

#### TODO added to solve fiting issues
# - othervise CLK_133M_DIMM_1_P will be 1.8V insted of 1.2V
# - by example design it should be LVDS - but that cant synthetise
# - N pin must be unassigned when using LVDS!
set_instance_assignment -name IO_STANDARD "LVDS" -to CLK_133M_DIMM_1_P
set_instance_assignment -name IO_STANDARD "LVDS" -to CLK_133M_DIMM_0_P

#set_instance_assignment -name IO_STANDARD "1.2 V" -to CLK_133M_DIMM_1_P
#set_instance_assignment -name IO_STANDARD "1.2 V" -to CLK_133M_DIMM_1_N
#set_instance_assignment -name IO_STANDARD "1.2 V" -to CLK_133M_DIMM_0_P
#set_instance_assignment -name IO_STANDARD "1.2 V" -to CLK_133M_DIMM_0_N

set_instance_assignment -name IO_STANDARD "SSTL-12" -to DDR4_DIMM_CH0_CK_P[1]
set_instance_assignment -name IO_STANDARD "SSTL-12" -to DDR4_DIMM_CH0_CK_N[1]
set_instance_assignment -name IO_STANDARD "SSTL-12" -to DDR4_DIMM_CH1_CK_P[1]
set_instance_assignment -name IO_STANDARD "SSTL-12" -to DDR4_DIMM_CH1_CK_N[1]

# From example design
set_instance_assignment -name IO_STANDARD "1.2 V" -to DDR4_DIMM_CH0_DQS_N[9]
set_instance_assignment -name IO_STANDARD "1.2 V" -to DDR4_DIMM_CH0_DQS_N[10]
set_instance_assignment -name IO_STANDARD "1.2 V" -to DDR4_DIMM_CH0_DQS_N[11]
set_instance_assignment -name IO_STANDARD "1.2 V" -to DDR4_DIMM_CH0_DQS_N[12]
set_instance_assignment -name IO_STANDARD "1.2 V" -to DDR4_DIMM_CH0_DQS_N[13]
set_instance_assignment -name IO_STANDARD "1.2 V" -to DDR4_DIMM_CH0_DQS_N[14]
set_instance_assignment -name IO_STANDARD "1.2 V" -to DDR4_DIMM_CH0_DQS_N[15]
set_instance_assignment -name IO_STANDARD "1.2 V" -to DDR4_DIMM_CH0_DQS_N[16]
set_instance_assignment -name IO_STANDARD "1.2 V" -to DDR4_DIMM_CH0_DQS_N[17]

set_instance_assignment -name IO_STANDARD "1.2 V" -to DDR4_DIMM_CH0_C2
set_instance_assignment -name IO_STANDARD "1.8 V" -to DDR4_DIMM_CH0_EVENT_N
set_instance_assignment -name IO_STANDARD "1.8 V" -to DDR4_DIMM_CH0_SAVE_N

set_instance_assignment -name IO_STANDARD "1.8 V" -to I2C_DDR4_DIMM_SDA
set_instance_assignment -name IO_STANDARD "1.8 V" -to I2C_DDR4_DIMM_SCL
set_instance_assignment -name IO_STANDARD "1.2 V" -to DDR4_DIMM_CH0_CS_N[3]
set_instance_assignment -name IO_STANDARD "1.2 V" -to DDR4_DIMM_CH0_CS_N[2]
set_instance_assignment -name IO_STANDARD "1.2 V" -to DDR4_DIMM_CH0_CS_N[1]
set_instance_assignment -name IO_STANDARD "1.2 V" -to DDR4_DIMM_CH0_A[17]
set_instance_assignment -name IO_STANDARD "1.2 V" -to DDR4_DIMM_CH0_CK_P[1]
set_instance_assignment -name IO_STANDARD "1.2 V" -to DDR4_DIMM_CH0_CK_N[1]
set_instance_assignment -name IO_STANDARD "1.2 V" -to DDR4_DIMM_CH0_CKE[1]
set_instance_assignment -name IO_STANDARD "1.2 V" -to DDR4_DIMM_CH0_ODT[1]
 
set_instance_assignment -name IO_STANDARD "1.2 V" -to DDR4_DIMM_CH1_DQS_N[9]
set_instance_assignment -name IO_STANDARD "1.2 V" -to DDR4_DIMM_CH1_DQS_N[10]
set_instance_assignment -name IO_STANDARD "1.2 V" -to DDR4_DIMM_CH1_DQS_N[11]
set_instance_assignment -name IO_STANDARD "1.2 V" -to DDR4_DIMM_CH1_DQS_N[12]
set_instance_assignment -name IO_STANDARD "1.2 V" -to DDR4_DIMM_CH1_DQS_N[13]
set_instance_assignment -name IO_STANDARD "1.2 V" -to DDR4_DIMM_CH1_DQS_N[14]
set_instance_assignment -name IO_STANDARD "1.2 V" -to DDR4_DIMM_CH1_DQS_N[15]
set_instance_assignment -name IO_STANDARD "1.2 V" -to DDR4_DIMM_CH1_DQS_N[16]
set_instance_assignment -name IO_STANDARD "1.2 V" -to DDR4_DIMM_CH1_DQS_N[17]

set_instance_assignment -name IO_STANDARD "1.2 V" -to DDR4_DIMM_CH1_C2
set_instance_assignment -name IO_STANDARD "1.8 V" -to DDR4_DIMM_CH1_EVENT_N
set_instance_assignment -name IO_STANDARD "1.8 V" -to DDR4_DIMM_CH1_SAVE_N

set_instance_assignment -name IO_STANDARD "1.8 V" -to I2C_DDR4_DIMM_SDA
set_instance_assignment -name IO_STANDARD "1.8 V" -to I2C_DDR4_DIMM_SCL

set_instance_assignment -name IO_STANDARD "1.2 V" -to DDR4_DIMM_CH1_CS_N[3]
set_instance_assignment -name IO_STANDARD "1.2 V" -to DDR4_DIMM_CH1_CS_N[2]
set_instance_assignment -name IO_STANDARD "1.2 V" -to DDR4_DIMM_CH1_CS_N[1]
set_instance_assignment -name IO_STANDARD "1.2 V" -to DDR4_DIMM_CH1_A[17]
set_instance_assignment -name IO_STANDARD "1.2 V" -to DDR4_DIMM_CH1_CK_P[1]
set_instance_assignment -name IO_STANDARD "1.2 V" -to DDR4_DIMM_CH1_CK_N[1]
set_instance_assignment -name IO_STANDARD "1.2 V" -to DDR4_DIMM_CH1_CKE[1]
set_instance_assignment -name IO_STANDARD "1.2 V" -to DDR4_DIMM_CH1_ODT[1]
