# sodimm0.qsf - DDR4B constraint file
# Copyright (C) 2024 DynaNIC Semiconductors, Ltd.
# Author(s): David Beneš <benes@dyna-nic.com>
#
# SPDX-License-Identifier: BSD-3-Clause

# ==============================================================================
#  Pinout and IO Standards
# ==============================================================================

#============================================================
# DDR4B
#============================================================
set_instance_assignment -name IO_STANDARD "True Differential Signaling" -to SODIMM0_REFCLK_P
set_instance_assignment -name INPUT_TERMINATION DIFFERENTIAL -to SODIMM0_REFCLK_P
set_location_assignment PIN_AG63 -to SODIMM0_REFCLK_P
set_location_assignment PIN_N59  -to SODIMM0_A[0]
set_location_assignment PIN_L60  -to SODIMM0_A[1]
set_location_assignment PIN_U59  -to SODIMM0_A[2]
set_location_assignment PIN_W60  -to SODIMM0_A[3]
set_location_assignment PIN_N61  -to SODIMM0_A[4]
set_location_assignment PIN_L62  -to SODIMM0_A[5]
set_location_assignment PIN_U61  -to SODIMM0_A[6]
set_location_assignment PIN_W62  -to SODIMM0_A[7]
set_location_assignment PIN_N63  -to SODIMM0_A[8]
set_location_assignment PIN_L64  -to SODIMM0_A[9]
set_location_assignment PIN_U63  -to SODIMM0_A[10]
set_location_assignment PIN_W64  -to SODIMM0_A[11]
set_location_assignment PIN_AT64 -to SODIMM0_A[12]
set_location_assignment PIN_AG65 -to SODIMM0_A[13]
set_location_assignment PIN_AK66 -to SODIMM0_A[14]
set_location_assignment PIN_AV65 -to SODIMM0_A[15]
set_location_assignment PIN_AT66 -to SODIMM0_A[16]
set_location_assignment PIN_AK70 -to SODIMM0_BA[0]
set_location_assignment PIN_AV68 -to SODIMM0_BA[1]
set_location_assignment PIN_AT70 -to SODIMM0_BG[0]
set_location_assignment PIN_B59  -to SODIMM0_BG[1]
set_location_assignment PIN_B63  -to SODIMM0_PCK
#set_location_assignment PIN_BJ68 -to SODIMM0_PCK[1]
set_location_assignment PIN_D64  -to SODIMM0_NCK
#set_location_assignment PIN_BM70 -to SODIMM0_NCK[1]
set_location_assignment PIN_J61  -to SODIMM0_CKE
#set_location_assignment PIN_H62  -to SODIMM0_CKE[1]
set_location_assignment PIN_AV47 -to SODIMM0_PDQS[0]
set_location_assignment PIN_AA53 -to SODIMM0_PDQS[1]
set_location_assignment PIN_AV53 -to SODIMM0_PDQS[2]
set_location_assignment PIN_AA47 -to SODIMM0_PDQS[3]
set_location_assignment PIN_N55  -to SODIMM0_PDQS[4]
set_location_assignment PIN_AA59 -to SODIMM0_PDQS[5]
set_location_assignment PIN_BJ59 -to SODIMM0_PDQS[6]
set_location_assignment PIN_AV59 -to SODIMM0_PDQS[7]
set_location_assignment PIN_B55  -to SODIMM0_PDQS[8]
set_location_assignment PIN_AT48 -to SODIMM0_NDQS[0]
set_location_assignment PIN_AD54 -to SODIMM0_NDQS[1]
set_location_assignment PIN_AT54 -to SODIMM0_NDQS[2]
set_location_assignment PIN_AD48 -to SODIMM0_NDQS[3]
set_location_assignment PIN_L56  -to SODIMM0_NDQS[4]
set_location_assignment PIN_AD60 -to SODIMM0_NDQS[5]
set_location_assignment PIN_BM60 -to SODIMM0_NDQS[6]
set_location_assignment PIN_AT60 -to SODIMM0_NDQS[7]
set_location_assignment PIN_D56  -to SODIMM0_NDQS[8]
set_location_assignment PIN_BF50 -to SODIMM0_DQ[0]
set_location_assignment PIN_BC49 -to SODIMM0_DQ[1]
set_location_assignment PIN_AV45 -to SODIMM0_DQ[2]
set_location_assignment PIN_AT46 -to SODIMM0_DQ[3]
set_location_assignment PIN_AT50 -to SODIMM0_DQ[4]
set_location_assignment PIN_AV49 -to SODIMM0_DQ[5]
set_location_assignment PIN_BC45 -to SODIMM0_DQ[6]
set_location_assignment PIN_BF46 -to SODIMM0_DQ[7]
set_location_assignment PIN_AA51 -to SODIMM0_DQ[8]
set_location_assignment PIN_AK52 -to SODIMM0_DQ[9]
set_location_assignment PIN_AK56 -to SODIMM0_DQ[10]
set_location_assignment PIN_AD56 -to SODIMM0_DQ[11]
set_location_assignment PIN_AN51 -to SODIMM0_DQ[12]
set_location_assignment PIN_AN55 -to SODIMM0_DQ[13]
set_location_assignment PIN_AA55 -to SODIMM0_DQ[14]
set_location_assignment PIN_AD52 -to SODIMM0_DQ[15]
set_location_assignment PIN_BC51 -to SODIMM0_DQ[16]
set_location_assignment PIN_AV51 -to SODIMM0_DQ[17]
set_location_assignment PIN_AT56 -to SODIMM0_DQ[18]
set_location_assignment PIN_AV55 -to SODIMM0_DQ[19]
set_location_assignment PIN_BC55 -to SODIMM0_DQ[20]
set_location_assignment PIN_BF52 -to SODIMM0_DQ[21]
set_location_assignment PIN_BF56 -to SODIMM0_DQ[22]
set_location_assignment PIN_AT52 -to SODIMM0_DQ[23]
set_location_assignment PIN_AK50 -to SODIMM0_DQ[24]
set_location_assignment PIN_AK46 -to SODIMM0_DQ[25]
set_location_assignment PIN_AA45 -to SODIMM0_DQ[26]
set_location_assignment PIN_AA49 -to SODIMM0_DQ[27]
set_location_assignment PIN_AD46 -to SODIMM0_DQ[28]
set_location_assignment PIN_AN45 -to SODIMM0_DQ[29]
set_location_assignment PIN_AN49 -to SODIMM0_DQ[30]
set_location_assignment PIN_AD50 -to SODIMM0_DQ[31]
set_location_assignment PIN_N53  -to SODIMM0_DQ[32]
set_location_assignment PIN_L54  -to SODIMM0_DQ[33]
set_location_assignment PIN_U57  -to SODIMM0_DQ[34]
set_location_assignment PIN_W58  -to SODIMM0_DQ[35]
set_location_assignment PIN_U53  -to SODIMM0_DQ[36]
set_location_assignment PIN_W54  -to SODIMM0_DQ[37]
set_location_assignment PIN_N57  -to SODIMM0_DQ[38]
set_location_assignment PIN_L58  -to SODIMM0_DQ[39]
set_location_assignment PIN_AK58 -to SODIMM0_DQ[40]
set_location_assignment PIN_AA57 -to SODIMM0_DQ[41]
set_location_assignment PIN_AN61 -to SODIMM0_DQ[42]
set_location_assignment PIN_AN57 -to SODIMM0_DQ[43]
set_location_assignment PIN_AA61 -to SODIMM0_DQ[44]
set_location_assignment PIN_AD58 -to SODIMM0_DQ[45]
set_location_assignment PIN_AD62 -to SODIMM0_DQ[46]
set_location_assignment PIN_AK62 -to SODIMM0_DQ[47]
set_location_assignment PIN_BV62 -to SODIMM0_DQ[48]
set_location_assignment PIN_CA61 -to SODIMM0_DQ[49]
set_location_assignment PIN_CA57 -to SODIMM0_DQ[50]
set_location_assignment PIN_BV58 -to SODIMM0_DQ[51]
set_location_assignment PIN_BM62 -to SODIMM0_DQ[52]
set_location_assignment PIN_BJ61 -to SODIMM0_DQ[53]
set_location_assignment PIN_BJ57 -to SODIMM0_DQ[54]
set_location_assignment PIN_BM58 -to SODIMM0_DQ[55]
set_location_assignment PIN_BC61 -to SODIMM0_DQ[56]
set_location_assignment PIN_AV61 -to SODIMM0_DQ[57]
set_location_assignment PIN_BF58 -to SODIMM0_DQ[58]
set_location_assignment PIN_AV57 -to SODIMM0_DQ[59]
set_location_assignment PIN_BF62 -to SODIMM0_DQ[60]
set_location_assignment PIN_AT62 -to SODIMM0_DQ[61]
set_location_assignment PIN_BC57 -to SODIMM0_DQ[62]
set_location_assignment PIN_AT58 -to SODIMM0_DQ[63]
set_location_assignment PIN_B57  -to SODIMM0_DQ[64]
set_location_assignment PIN_B53  -to SODIMM0_DQ[65]
set_location_assignment PIN_D54  -to SODIMM0_DQ[66]
set_location_assignment PIN_J57  -to SODIMM0_DQ[67]
set_location_assignment PIN_H54  -to SODIMM0_DQ[68]
set_location_assignment PIN_J53  -to SODIMM0_DQ[69]
set_location_assignment PIN_H58  -to SODIMM0_DQ[70]
set_location_assignment PIN_D58  -to SODIMM0_DQ[71]
set_location_assignment PIN_BC47 -to SODIMM0_DM_DBI[0]
set_location_assignment PIN_AN53 -to SODIMM0_DM_DBI[1]
set_location_assignment PIN_BC53 -to SODIMM0_DM_DBI[2]
set_location_assignment PIN_AN47 -to SODIMM0_DM_DBI[3]
set_location_assignment PIN_U55  -to SODIMM0_DM_DBI[4]
set_location_assignment PIN_AN59 -to SODIMM0_DM_DBI[5]
set_location_assignment PIN_CA59 -to SODIMM0_DM_DBI[6]
set_location_assignment PIN_BC59 -to SODIMM0_DM_DBI[7]
set_location_assignment PIN_J55  -to SODIMM0_DM_DBI[8]
set_location_assignment PIN_J59  -to SODIMM0_NCS
#set_location_assignment PIN_J63  -to SODIMM0_NCS[1]
set_location_assignment PIN_D60  -to SODIMM0_NRST
set_location_assignment PIN_B61  -to SODIMM0_ODT
#set_location_assignment PIN_D62  -to SODIMM0_ODT[1]
set_location_assignment PIN_H64  -to SODIMM0_PAR
set_location_assignment PIN_AG68 -to SODIMM0_NALERT
set_location_assignment PIN_H60  -to SODIMM0_NACT
set_location_assignment PIN_AV63 -to SODIMM0_OCT_RZQ
