# sodimm1.qsf - DDR4C constraint file
# Copyright (C) 2024 DynaNIC Semiconductors, Ltd.
# Author(s): David Beneš <benes@dyna-nic.com>
#
# SPDX-License-Identifier: BSD-3-Clause

# ==============================================================================
#  Pinout and IO Standards
# ==============================================================================

#============================================================
# DDR4C
#============================================================
set_instance_assignment -name IO_STANDARD "True Differential Signaling" -to SODIMM1_REFCLK_P
set_instance_assignment -name INPUT_TERMINATION DIFFERENTIAL -to SODIMM1_REFCLK_P
set_location_assignment PIN_KU36 -to SODIMM1_REFCLK_P
set_location_assignment PIN_LH42 -to SODIMM1_A[0]
set_location_assignment PIN_LL43 -to SODIMM1_A[1]
set_location_assignment PIN_KW43 -to SODIMM1_A[2]
set_location_assignment PIN_LB42 -to SODIMM1_A[3]
set_location_assignment PIN_LH40 -to SODIMM1_A[4]
set_location_assignment PIN_LL41 -to SODIMM1_A[5]
set_location_assignment PIN_LB40 -to SODIMM1_A[6]
set_location_assignment PIN_KW41 -to SODIMM1_A[7]
set_location_assignment PIN_LH38 -to SODIMM1_A[8]
set_location_assignment PIN_LL39 -to SODIMM1_A[9]
set_location_assignment PIN_KW39 -to SODIMM1_A[10]
set_location_assignment PIN_LB38 -to SODIMM1_A[11]
set_location_assignment PIN_KF36 -to SODIMM1_A[12]
set_location_assignment PIN_KU34 -to SODIMM1_A[13]
set_location_assignment PIN_KR35 -to SODIMM1_A[14]
set_location_assignment PIN_KF34 -to SODIMM1_A[15]
set_location_assignment PIN_KJ35 -to SODIMM1_A[16]
set_location_assignment PIN_KR33 -to SODIMM1_BA[0]
set_location_assignment PIN_KJ33 -to SODIMM1_BA[1]
set_location_assignment PIN_KF32 -to SODIMM1_BG[0]
set_location_assignment PIN_KR43 -to SODIMM1_BG[1]
set_location_assignment PIN_KR39 -to SODIMM1_PCK
#set_location_assignment PIN_JP32 -to SODIMM1_PCK[1]
set_location_assignment PIN_KU38 -to SODIMM1_NCK
#set_location_assignment PIN_JL33 -to SODIMM1_NCK[1]
set_location_assignment PIN_KF40 -to SODIMM1_CKE
#set_location_assignment PIN_KJ41 -to SODIMM1_CKE[1]
set_location_assignment PIN_LH34 -to SODIMM1_PDQS[0]
set_location_assignment PIN_MH30 -to SODIMM1_PDQS[1]
set_location_assignment PIN_MH11 -to SODIMM1_PDQS[2]
set_location_assignment PIN_LW17 -to SODIMM1_PDQS[3]
set_location_assignment PIN_LW33 -to SODIMM1_PDQS[4]
set_location_assignment PIN_MH23 -to SODIMM1_PDQS[5]
set_location_assignment PIN_LW5  -to SODIMM1_PDQS[6]
set_location_assignment PIN_LW27 -to SODIMM1_PDQS[7]
set_location_assignment PIN_LH28 -to SODIMM1_PDQS[8]
set_location_assignment PIN_LL35 -to SODIMM1_NDQS[0]
set_location_assignment PIN_MK31 -to SODIMM1_NDQS[1]
set_location_assignment PIN_MK13 -to SODIMM1_NDQS[2]
set_location_assignment PIN_MA19 -to SODIMM1_NDQS[3]
set_location_assignment PIN_MA34 -to SODIMM1_NDQS[4]
set_location_assignment PIN_MK25 -to SODIMM1_NDQS[5]
set_location_assignment PIN_MA7  -to SODIMM1_NDQS[6]
set_location_assignment PIN_MA28 -to SODIMM1_NDQS[7]
set_location_assignment PIN_LL29 -to SODIMM1_NDQS[8]
set_location_assignment PIN_LB32 -to SODIMM1_DQ[0]
set_location_assignment PIN_LB36 -to SODIMM1_DQ[1]
set_location_assignment PIN_LL33 -to SODIMM1_DQ[2]
set_location_assignment PIN_LH32 -to SODIMM1_DQ[3]
set_location_assignment PIN_KW33 -to SODIMM1_DQ[4]
set_location_assignment PIN_KW37 -to SODIMM1_DQ[5]
set_location_assignment PIN_LL37 -to SODIMM1_DQ[6]
set_location_assignment PIN_LH36 -to SODIMM1_DQ[7]
set_location_assignment PIN_MK29 -to SODIMM1_DQ[8]
set_location_assignment PIN_MD32 -to SODIMM1_DQ[9]
set_location_assignment PIN_MC33 -to SODIMM1_DQ[10]
set_location_assignment PIN_MD28 -to SODIMM1_DQ[11]
set_location_assignment PIN_MC29 -to SODIMM1_DQ[12]
set_location_assignment PIN_MK33 -to SODIMM1_DQ[13]
set_location_assignment PIN_MH28 -to SODIMM1_DQ[14]
set_location_assignment PIN_MH32 -to SODIMM1_DQ[15]
set_location_assignment PIN_MD7  -to SODIMM1_DQ[16]
set_location_assignment PIN_MC17 -to SODIMM1_DQ[17]
set_location_assignment PIN_MC9  -to SODIMM1_DQ[18]
set_location_assignment PIN_MD15 -to SODIMM1_DQ[19]
set_location_assignment PIN_MF5  -to SODIMM1_DQ[20]
set_location_assignment PIN_MH15 -to SODIMM1_DQ[21]
set_location_assignment PIN_MH7  -to SODIMM1_DQ[22]
set_location_assignment PIN_MK17 -to SODIMM1_DQ[23]
set_location_assignment PIN_MA15 -to SODIMM1_DQ[24]
set_location_assignment PIN_MA23 -to SODIMM1_DQ[25]
set_location_assignment PIN_LN15 -to SODIMM1_DQ[26]
set_location_assignment PIN_LR21 -to SODIMM1_DQ[27]
set_location_assignment PIN_LR13 -to SODIMM1_DQ[28]
set_location_assignment PIN_LW13 -to SODIMM1_DQ[29]
set_location_assignment PIN_LN23 -to SODIMM1_DQ[30]
set_location_assignment PIN_LW21 -to SODIMM1_DQ[31]
set_location_assignment PIN_MA36 -to SODIMM1_DQ[32]
set_location_assignment PIN_LW35 -to SODIMM1_DQ[33]
set_location_assignment PIN_LW31 -to SODIMM1_DQ[34]
set_location_assignment PIN_LR31 -to SODIMM1_DQ[35]
set_location_assignment PIN_LR35 -to SODIMM1_DQ[36]
set_location_assignment PIN_LN36 -to SODIMM1_DQ[37]
set_location_assignment PIN_MA32 -to SODIMM1_DQ[38]
set_location_assignment PIN_LN32 -to SODIMM1_DQ[39]
set_location_assignment PIN_MK21 -to SODIMM1_DQ[40]
set_location_assignment PIN_MD26 -to SODIMM1_DQ[41]
set_location_assignment PIN_MH19 -to SODIMM1_DQ[42]
set_location_assignment PIN_MC21 -to SODIMM1_DQ[43]
set_location_assignment PIN_MC27 -to SODIMM1_DQ[44]
set_location_assignment PIN_MK27 -to SODIMM1_DQ[45]
set_location_assignment PIN_MD19 -to SODIMM1_DQ[46]
set_location_assignment PIN_MH26 -to SODIMM1_DQ[47]
set_location_assignment PIN_LR9  -to SODIMM1_DQ[48]
set_location_assignment PIN_LW9  -to SODIMM1_DQ[49]
set_location_assignment PIN_MA4  -to SODIMM1_DQ[50]
set_location_assignment PIN_LW2  -to SODIMM1_DQ[51]
set_location_assignment PIN_MA11 -to SODIMM1_DQ[52]
set_location_assignment PIN_LN11 -to SODIMM1_DQ[53]
set_location_assignment PIN_MC5  -to SODIMM1_DQ[54]
set_location_assignment PIN_LU4  -to SODIMM1_DQ[55]
set_location_assignment PIN_LN26 -to SODIMM1_DQ[56]
set_location_assignment PIN_MA26 -to SODIMM1_DQ[57]
set_location_assignment PIN_LR29 -to SODIMM1_DQ[58]
set_location_assignment PIN_LN30 -to SODIMM1_DQ[59]
set_location_assignment PIN_LW25 -to SODIMM1_DQ[60]
set_location_assignment PIN_LR25 -to SODIMM1_DQ[61]
set_location_assignment PIN_LW29 -to SODIMM1_DQ[62]
set_location_assignment PIN_MA30 -to SODIMM1_DQ[63]
set_location_assignment PIN_KW27 -to SODIMM1_DQ[64]
set_location_assignment PIN_LH30 -to SODIMM1_DQ[65]
set_location_assignment PIN_LL31 -to SODIMM1_DQ[66]
set_location_assignment PIN_LH26 -to SODIMM1_DQ[67]
set_location_assignment PIN_LB26 -to SODIMM1_DQ[68]
set_location_assignment PIN_LL27 -to SODIMM1_DQ[69]
set_location_assignment PIN_LB30 -to SODIMM1_DQ[70]
set_location_assignment PIN_KW31 -to SODIMM1_DQ[71]
set_location_assignment PIN_LB34 -to SODIMM1_DM_DBI[0]
set_location_assignment PIN_MD30 -to SODIMM1_DM_DBI[1]
set_location_assignment PIN_MD11 -to SODIMM1_DM_DBI[2]
set_location_assignment PIN_LR17 -to SODIMM1_DM_DBI[3]
set_location_assignment PIN_LR33 -to SODIMM1_DM_DBI[4]
set_location_assignment PIN_MD23 -to SODIMM1_DM_DBI[5]
set_location_assignment PIN_LR5  -to SODIMM1_DM_DBI[6]
set_location_assignment PIN_LR27 -to SODIMM1_DM_DBI[7]
set_location_assignment PIN_LB28 -to SODIMM1_DM_DBI[8]
set_location_assignment PIN_KF42 -to SODIMM1_NCS
#set_location_assignment PIN_KF38 -to SODIMM1_NCS[1]
set_location_assignment PIN_KU42 -to SODIMM1_NRST
set_location_assignment PIN_KU40 -to SODIMM1_ODT
#set_location_assignment PIN_KR41 -to SODIMM1_ODT[1]
set_location_assignment PIN_KJ39 -to SODIMM1_PAR
set_location_assignment PIN_KU32 -to SODIMM1_NALERT
set_location_assignment PIN_KJ43 -to SODIMM1_NACT
set_location_assignment PIN_KJ37 -to SODIMM1_OCT_RZQ
