# sodimm2.qsf - DDR4D constraint file
# Copyright (C) 2024 DynaNIC Semiconductors, Ltd.
# Author(s): David Beneš <benes@dyna-nic.com>
#
# SPDX-License-Identifier: BSD-3-Clause

# ==============================================================================
#  Pinout and IO Standards
# ==============================================================================

#============================================================
# DDR4D
#============================================================
set_instance_assignment -name IO_STANDARD "True Differential Signaling" -to SODIMM2_REFCLK_P
set_instance_assignment -name INPUT_TERMINATION DIFFERENTIAL -to SODIMM2_REFCLK_P
set_location_assignment PIN_MA44 -to SODIMM2_REFCLK_P
set_location_assignment PIN_KR45 -to SODIMM2_A[0]
set_location_assignment PIN_KU44 -to SODIMM2_A[1]
set_location_assignment PIN_KJ45 -to SODIMM2_A[2]
set_location_assignment PIN_KF44 -to SODIMM2_A[3]
set_location_assignment PIN_KU46 -to SODIMM2_A[4]
set_location_assignment PIN_KR47 -to SODIMM2_A[5]
set_location_assignment PIN_KF46 -to SODIMM2_A[6]
set_location_assignment PIN_KJ47 -to SODIMM2_A[7]
set_location_assignment PIN_KR49 -to SODIMM2_A[8]
set_location_assignment PIN_KU48 -to SODIMM2_A[9]
set_location_assignment PIN_KF48 -to SODIMM2_A[10]
set_location_assignment PIN_KJ49 -to SODIMM2_A[11]
set_location_assignment PIN_LR43 -to SODIMM2_A[12]
set_location_assignment PIN_LW45 -to SODIMM2_A[13]
set_location_assignment PIN_MA46 -to SODIMM2_A[14]
set_location_assignment PIN_LR45 -to SODIMM2_A[15]
set_location_assignment PIN_LN46 -to SODIMM2_A[16]
set_location_assignment PIN_LW47 -to SODIMM2_BA[0]
set_location_assignment PIN_LN48 -to SODIMM2_BA[1]
set_location_assignment PIN_LR47 -to SODIMM2_BG[0]
set_location_assignment PIN_LH44 -to SODIMM2_BG[1]
set_location_assignment PIN_LH48 -to SODIMM2_PCK
#set_location_assignment PIN_LR53 -to SODIMM2_PCK[1]
set_location_assignment PIN_LL49 -to SODIMM2_NCK
#set_location_assignment PIN_LN54 -to SODIMM2_NCK[1]
set_location_assignment PIN_LB46 -to SODIMM2_CKE
#set_location_assignment PIN_KW47 -to SODIMM2_CKE[1]
set_location_assignment PIN_LH52 -to SODIMM2_PDQS[0]
set_location_assignment PIN_MH60 -to SODIMM2_PDQS[1]
set_location_assignment PIN_MH54 -to SODIMM2_PDQS[2]
set_location_assignment PIN_LW57 -to SODIMM2_PDQS[3]
set_location_assignment PIN_MH48 -to SODIMM2_PDQS[4]
set_location_assignment PIN_MH36 -to SODIMM2_PDQS[5]
set_location_assignment PIN_MH42 -to SODIMM2_PDQS[6]
set_location_assignment PIN_LW39 -to SODIMM2_PDQS[7]
set_location_assignment PIN_KU52 -to SODIMM2_PDQS[8]
set_location_assignment PIN_LL53 -to SODIMM2_NDQS[0]
set_location_assignment PIN_MK61 -to SODIMM2_NDQS[1]
set_location_assignment PIN_MK55 -to SODIMM2_NDQS[2]
set_location_assignment PIN_MA58 -to SODIMM2_NDQS[3]
set_location_assignment PIN_MK49 -to SODIMM2_NDQS[4]
set_location_assignment PIN_MK37 -to SODIMM2_NDQS[5]
set_location_assignment PIN_MK43 -to SODIMM2_NDQS[6]
set_location_assignment PIN_MA40 -to SODIMM2_NDQS[7]
set_location_assignment PIN_KR53 -to SODIMM2_NDQS[8]
set_location_assignment PIN_LL55 -to SODIMM2_DQ[0]
set_location_assignment PIN_LB54 -to SODIMM2_DQ[1]
set_location_assignment PIN_LH50 -to SODIMM2_DQ[2]
set_location_assignment PIN_LH54 -to SODIMM2_DQ[3]
set_location_assignment PIN_KW51 -to SODIMM2_DQ[4]
set_location_assignment PIN_LB50 -to SODIMM2_DQ[5]
set_location_assignment PIN_LL51 -to SODIMM2_DQ[6]
set_location_assignment PIN_KW55 -to SODIMM2_DQ[7]
set_location_assignment PIN_MC63 -to SODIMM2_DQ[8]
set_location_assignment PIN_MH62 -to SODIMM2_DQ[9]
set_location_assignment PIN_MK59 -to SODIMM2_DQ[10]
set_location_assignment PIN_MH58 -to SODIMM2_DQ[11]
set_location_assignment PIN_MD62 -to SODIMM2_DQ[12]
set_location_assignment PIN_MC59 -to SODIMM2_DQ[13]
set_location_assignment PIN_MK63 -to SODIMM2_DQ[14]
set_location_assignment PIN_MD58 -to SODIMM2_DQ[15]
set_location_assignment PIN_MD56 -to SODIMM2_DQ[16]
set_location_assignment PIN_MK57 -to SODIMM2_DQ[17]
set_location_assignment PIN_MH52 -to SODIMM2_DQ[18]
set_location_assignment PIN_MD52 -to SODIMM2_DQ[19]
set_location_assignment PIN_MC57 -to SODIMM2_DQ[20]
set_location_assignment PIN_MC53 -to SODIMM2_DQ[21]
set_location_assignment PIN_MK53 -to SODIMM2_DQ[22]
set_location_assignment PIN_MH56 -to SODIMM2_DQ[23]
set_location_assignment PIN_LN60 -to SODIMM2_DQ[24]
set_location_assignment PIN_MA60 -to SODIMM2_DQ[25]
set_location_assignment PIN_LR55 -to SODIMM2_DQ[26]
set_location_assignment PIN_LW55 -to SODIMM2_DQ[27]
set_location_assignment PIN_LN56 -to SODIMM2_DQ[28]
set_location_assignment PIN_LW59 -to SODIMM2_DQ[29]
set_location_assignment PIN_MA56 -to SODIMM2_DQ[30]
set_location_assignment PIN_LR59 -to SODIMM2_DQ[31]
set_location_assignment PIN_MK51 -to SODIMM2_DQ[32]
set_location_assignment PIN_MC47 -to SODIMM2_DQ[33]
set_location_assignment PIN_MD46 -to SODIMM2_DQ[34]
set_location_assignment PIN_MK47 -to SODIMM2_DQ[35]
set_location_assignment PIN_MC51 -to SODIMM2_DQ[36]
set_location_assignment PIN_MH50 -to SODIMM2_DQ[37]
set_location_assignment PIN_MH46 -to SODIMM2_DQ[38]
set_location_assignment PIN_MD50 -to SODIMM2_DQ[39]
set_location_assignment PIN_MH34 -to SODIMM2_DQ[40]
set_location_assignment PIN_MK39 -to SODIMM2_DQ[41]
set_location_assignment PIN_MC35 -to SODIMM2_DQ[42]
set_location_assignment PIN_MD38 -to SODIMM2_DQ[43]
set_location_assignment PIN_MK35 -to SODIMM2_DQ[44]
set_location_assignment PIN_MC39 -to SODIMM2_DQ[45]
set_location_assignment PIN_MD34 -to SODIMM2_DQ[46]
set_location_assignment PIN_MH38 -to SODIMM2_DQ[47]
set_location_assignment PIN_MC45 -to SODIMM2_DQ[48]
set_location_assignment PIN_MK41 -to SODIMM2_DQ[49]
set_location_assignment PIN_MH40 -to SODIMM2_DQ[50]
set_location_assignment PIN_MD40 -to SODIMM2_DQ[51]
set_location_assignment PIN_MH44 -to SODIMM2_DQ[52]
set_location_assignment PIN_MK45 -to SODIMM2_DQ[53]
set_location_assignment PIN_MD44 -to SODIMM2_DQ[54]
set_location_assignment PIN_MC41 -to SODIMM2_DQ[55]
set_location_assignment PIN_LR37 -to SODIMM2_DQ[56]
set_location_assignment PIN_LN42 -to SODIMM2_DQ[57]
set_location_assignment PIN_LN38 -to SODIMM2_DQ[58]
set_location_assignment PIN_LR41 -to SODIMM2_DQ[59]
set_location_assignment PIN_LW37 -to SODIMM2_DQ[60]
set_location_assignment PIN_MA38 -to SODIMM2_DQ[61]
set_location_assignment PIN_LW41 -to SODIMM2_DQ[62]
set_location_assignment PIN_MA42 -to SODIMM2_DQ[63]
set_location_assignment PIN_KR55 -to SODIMM2_DQ[64]
set_location_assignment PIN_KU54 -to SODIMM2_DQ[65]
set_location_assignment PIN_KJ51 -to SODIMM2_DQ[66]
set_location_assignment PIN_KF50 -to SODIMM2_DQ[67]
set_location_assignment PIN_KJ55 -to SODIMM2_DQ[68]
set_location_assignment PIN_KF54 -to SODIMM2_DQ[69]
set_location_assignment PIN_KU50 -to SODIMM2_DQ[70]
set_location_assignment PIN_KR51 -to SODIMM2_DQ[71]
set_location_assignment PIN_LB52 -to SODIMM2_DM_DBI[0]
set_location_assignment PIN_MD60 -to SODIMM2_DM_DBI[1]
set_location_assignment PIN_MD54 -to SODIMM2_DM_DBI[2]
set_location_assignment PIN_LR57 -to SODIMM2_DM_DBI[3]
set_location_assignment PIN_MD48 -to SODIMM2_DM_DBI[4]
set_location_assignment PIN_MD36 -to SODIMM2_DM_DBI[5]
set_location_assignment PIN_MD42 -to SODIMM2_DM_DBI[6]
set_location_assignment PIN_LR39 -to SODIMM2_DM_DBI[7]
set_location_assignment PIN_KF52 -to SODIMM2_DM_DBI[8]
set_location_assignment PIN_LB44 -to SODIMM2_NCS
#set_location_assignment PIN_KW49 -to SODIMM2_NCS[1]
set_location_assignment PIN_LL45 -to SODIMM2_NRST
set_location_assignment PIN_LH46 -to SODIMM2_ODT
#set_location_assignment PIN_LL47 -to SODIMM2_ODT[1]
set_location_assignment PIN_LB48 -to SODIMM2_PAR
set_location_assignment PIN_MA48 -to SODIMM2_NALERT
set_location_assignment PIN_KW45 -to SODIMM2_NACT
set_location_assignment PIN_LN44 -to SODIMM2_OCT_RZQ
